// !$*UTF8*$!
{
	archiveVersion = 1;
	classes = {
	};
	objectVersion = 50;
	objects = {

/* Begin PBXBuildFile section */
		7C1EFB6624C733DB005CF2D9 /* MapVC.swift in Sources */ = {isa = PBXBuildFile; fileRef = 7C1EFB6524C733DB005CF2D9 /* MapVC.swift */; };
		7C45530524C6EB97001B5305 /* AppDelegate.swift in Sources */ = {isa = PBXBuildFile; fileRef = 7C45530424C6EB97001B5305 /* AppDelegate.swift */; };
		7C45530724C6EB97001B5305 /* SceneDelegate.swift in Sources */ = {isa = PBXBuildFile; fileRef = 7C45530624C6EB97001B5305 /* SceneDelegate.swift */; };
		7C45530924C6EB97001B5305 /* tabBarVC.swift in Sources */ = {isa = PBXBuildFile; fileRef = 7C45530824C6EB97001B5305 /* tabBarVC.swift */; };
		7C45530C24C6EB97001B5305 /* Main.storyboard in Resources */ = {isa = PBXBuildFile; fileRef = 7C45530A24C6EB97001B5305 /* Main.storyboard */; };
		7C45530E24C6EB99001B5305 /* Assets.xcassets in Resources */ = {isa = PBXBuildFile; fileRef = 7C45530D24C6EB99001B5305 /* Assets.xcassets */; };
		7C45531124C6EB99001B5305 /* LaunchScreen.storyboard in Resources */ = {isa = PBXBuildFile; fileRef = 7C45530F24C6EB99001B5305 /* LaunchScreen.storyboard */; };
		7CD6831524C856EC0091ED52 /* FlickrClient.swift in Sources */ = {isa = PBXBuildFile; fileRef = 7CD6831424C856EC0091ED52 /* FlickrClient.swift */; };
		7CD6831924C887B40091ED52 /* FlickrApiKey.swift in Sources */ = {isa = PBXBuildFile; fileRef = 7CD6831824C887B40091ED52 /* FlickrApiKey.swift */; };
		7CD6831C24C888910091ED52 /* ErrorResponse.swift in Sources */ = {isa = PBXBuildFile; fileRef = 7CD6831B24C888910091ED52 /* ErrorResponse.swift */; };
		7CD6831E24C8C22E0091ED52 /* PhotosSearchResponse.swift in Sources */ = {isa = PBXBuildFile; fileRef = 7CD6831D24C8C22E0091ED52 /* PhotosSearchResponse.swift */; };
		7CD6832124C93BF40091ED52 /* DataController.swift in Sources */ = {isa = PBXBuildFile; fileRef = 7CD6832024C93BF40091ED52 /* DataController.swift */; };
		7CD6832424C944310091ED52 /* virtualTourist.xcdatamodeld in Sources */ = {isa = PBXBuildFile; fileRef = 7CD6832224C944310091ED52 /* virtualTourist.xcdatamodeld */; };
		7CD6832624CA8E320091ED52 /* PhotoAlbumVC.swift in Sources */ = {isa = PBXBuildFile; fileRef = 7CD6832524CA8E320091ED52 /* PhotoAlbumVC.swift */; };
		7CD6832824CAE63F0091ED52 /* CollectionViewCell.swift in Sources */ = {isa = PBXBuildFile; fileRef = 7CD6832724CAE63F0091ED52 /* CollectionViewCell.swift */; };
		7CD6832A24CDBD050091ED52 /* LocationsListVC.swift in Sources */ = {isa = PBXBuildFile; fileRef = 7CD6832924CDBD050091ED52 /* LocationsListVC.swift */; };
		7CD6832C24CE85CB0091ED52 /* CustomCollectionViewDelegate.swift in Sources */ = {isa = PBXBuildFile; fileRef = 7CD6832B24CE85CB0091ED52 /* CustomCollectionViewDelegate.swift */; };
		7CD6832E24CE8AC30091ED52 /* PinDetailsVC.swift in Sources */ = {isa = PBXBuildFile; fileRef = 7CD6832D24CE8AC30091ED52 /* PinDetailsVC.swift */; };
		7CD6833024CE8BAE0091ED52 /* CollectionViewPhotoCell.swift in Sources */ = {isa = PBXBuildFile; fileRef = 7CD6832F24CE8BAE0091ED52 /* CollectionViewPhotoCell.swift */; };
		7CD6833224D134E60091ED52 /* NewAlbumButton.swift in Sources */ = {isa = PBXBuildFile; fileRef = 7CD6833124D134E50091ED52 /* NewAlbumButton.swift */; };
		7CD6833424D178000091ED52 /* NoImageFoundVC.swift in Sources */ = {isa = PBXBuildFile; fileRef = 7CD6833324D177FF0091ED52 /* NoImageFoundVC.swift */; };
		7CD6833624D300840091ED52 /* Colors.swift in Sources */ = {isa = PBXBuildFile; fileRef = 7CD6833524D300830091ED52 /* Colors.swift */; };
/* End PBXBuildFile section */

/* Begin PBXFileReference section */
		7C1EFB6524C733DB005CF2D9 /* MapVC.swift */ = {isa = PBXFileReference; lastKnownFileType = sourcecode.swift; path = MapVC.swift; sourceTree = "<group>"; };
		7C45530124C6EB97001B5305 /* virtualTourist.app */ = {isa = PBXFileReference; explicitFileType = wrapper.application; includeInIndex = 0; path = virtualTourist.app; sourceTree = BUILT_PRODUCTS_DIR; };
		7C45530424C6EB97001B5305 /* AppDelegate.swift */ = {isa = PBXFileReference; lastKnownFileType = sourcecode.swift; path = AppDelegate.swift; sourceTree = "<group>"; };
		7C45530624C6EB97001B5305 /* SceneDelegate.swift */ = {isa = PBXFileReference; lastKnownFileType = sourcecode.swift; path = SceneDelegate.swift; sourceTree = "<group>"; };
		7C45530824C6EB97001B5305 /* tabBarVC.swift */ = {isa = PBXFileReference; lastKnownFileType = sourcecode.swift; path = tabBarVC.swift; sourceTree = "<group>"; };
		7C45530B24C6EB97001B5305 /* Base */ = {isa = PBXFileReference; lastKnownFileType = file.storyboard; name = Base; path = Base.lproj/Main.storyboard; sourceTree = "<group>"; };
		7C45530D24C6EB99001B5305 /* Assets.xcassets */ = {isa = PBXFileReference; lastKnownFileType = folder.assetcatalog; path = Assets.xcassets; sourceTree = "<group>"; };
		7C45531024C6EB99001B5305 /* Base */ = {isa = PBXFileReference; lastKnownFileType = file.storyboard; name = Base; path = Base.lproj/LaunchScreen.storyboard; sourceTree = "<group>"; };
		7C45531224C6EB99001B5305 /* Info.plist */ = {isa = PBXFileReference; lastKnownFileType = text.plist.xml; path = Info.plist; sourceTree = "<group>"; };
		7CD6831424C856EC0091ED52 /* FlickrClient.swift */ = {isa = PBXFileReference; lastKnownFileType = sourcecode.swift; path = FlickrClient.swift; sourceTree = "<group>"; };
		7CD6831824C887B40091ED52 /* FlickrApiKey.swift */ = {isa = PBXFileReference; lastKnownFileType = sourcecode.swift; path = FlickrApiKey.swift; sourceTree = "<group>"; };
		7CD6831B24C888910091ED52 /* ErrorResponse.swift */ = {isa = PBXFileReference; lastKnownFileType = sourcecode.swift; path = ErrorResponse.swift; sourceTree = "<group>"; };
		7CD6831D24C8C22E0091ED52 /* PhotosSearchResponse.swift */ = {isa = PBXFileReference; lastKnownFileType = sourcecode.swift; path = PhotosSearchResponse.swift; sourceTree = "<group>"; };
		7CD6832024C93BF40091ED52 /* DataController.swift */ = {isa = PBXFileReference; lastKnownFileType = sourcecode.swift; path = DataController.swift; sourceTree = "<group>"; };
		7CD6832324C944310091ED52 /* virtualTourist.xcdatamodel */ = {isa = PBXFileReference; lastKnownFileType = wrapper.xcdatamodel; path = virtualTourist.xcdatamodel; sourceTree = "<group>"; };
		7CD6832524CA8E320091ED52 /* PhotoAlbumVC.swift */ = {isa = PBXFileReference; lastKnownFileType = sourcecode.swift; path = PhotoAlbumVC.swift; sourceTree = "<group>"; };
		7CD6832724CAE63F0091ED52 /* CollectionViewCell.swift */ = {isa = PBXFileReference; lastKnownFileType = sourcecode.swift; path = CollectionViewCell.swift; sourceTree = "<group>"; };
		7CD6832924CDBD050091ED52 /* LocationsListVC.swift */ = {isa = PBXFileReference; lastKnownFileType = sourcecode.swift; path = LocationsListVC.swift; sourceTree = "<group>"; };
		7CD6832B24CE85CB0091ED52 /* CustomCollectionViewDelegate.swift */ = {isa = PBXFileReference; lastKnownFileType = sourcecode.swift; path = CustomCollectionViewDelegate.swift; sourceTree = "<group>"; };
		7CD6832D24CE8AC30091ED52 /* PinDetailsVC.swift */ = {isa = PBXFileReference; lastKnownFileType = sourcecode.swift; path = PinDetailsVC.swift; sourceTree = "<group>"; };
		7CD6832F24CE8BAE0091ED52 /* CollectionViewPhotoCell.swift */ = {isa = PBXFileReference; lastKnownFileType = sourcecode.swift; path = CollectionViewPhotoCell.swift; sourceTree = "<group>"; };
		7CD6833124D134E50091ED52 /* NewAlbumButton.swift */ = {isa = PBXFileReference; lastKnownFileType = sourcecode.swift; path = NewAlbumButton.swift; sourceTree = "<group>"; };
		7CD6833324D177FF0091ED52 /* NoImageFoundVC.swift */ = {isa = PBXFileReference; lastKnownFileType = sourcecode.swift; path = NoImageFoundVC.swift; sourceTree = "<group>"; };
		7CD6833524D300830091ED52 /* Colors.swift */ = {isa = PBXFileReference; lastKnownFileType = sourcecode.swift; path = Colors.swift; sourceTree = "<group>"; };
/* End PBXFileReference section */

/* Begin PBXFrameworksBuildPhase section */
		7C4552FE24C6EB97001B5305 /* Frameworks */ = {
			isa = PBXFrameworksBuildPhase;
			buildActionMask = 2147483647;
			files = (
			);
			runOnlyForDeploymentPostprocessing = 0;
		};
/* End PBXFrameworksBuildPhase section */

/* Begin PBXGroup section */
		7C4552F824C6EB96001B5305 = {
			isa = PBXGroup;
			children = (
				7C45530424C6EB97001B5305 /* AppDelegate.swift */,
				7C45530624C6EB97001B5305 /* SceneDelegate.swift */,
				7C45530324C6EB97001B5305 /* virtualTourist */,
				7C45530224C6EB97001B5305 /* Products */,
			);
			sourceTree = "<group>";
		};
		7C45530224C6EB97001B5305 /* Products */ = {
			isa = PBXGroup;
			children = (
				7C45530124C6EB97001B5305 /* virtualTourist.app */,
			);
			name = Products;
			sourceTree = "<group>";
		};
		7C45530324C6EB97001B5305 /* virtualTourist */ = {
			isa = PBXGroup;
			children = (
				7C45531A24C72E9F001B5305 /* Model */,
				7C45531924C72E94001B5305 /* View */,
				7C45531824C72E80001B5305 /* Controller */,
				7C45530A24C6EB97001B5305 /* Main.storyboard */,
				7C45530D24C6EB99001B5305 /* Assets.xcassets */,
				7C45530F24C6EB99001B5305 /* LaunchScreen.storyboard */,
				7C45531224C6EB99001B5305 /* Info.plist */,
			);
			path = virtualTourist;
			sourceTree = "<group>";
		};
		7C45531824C72E80001B5305 /* Controller */ = {
			isa = PBXGroup;
			children = (
				7C45530824C6EB97001B5305 /* tabBarVC.swift */,
				7C1EFB6524C733DB005CF2D9 /* MapVC.swift */,
				7CD6832524CA8E320091ED52 /* PhotoAlbumVC.swift */,
				7CD6832724CAE63F0091ED52 /* CollectionViewCell.swift */,
				7CD6832924CDBD050091ED52 /* LocationsListVC.swift */,
				7CD6832B24CE85CB0091ED52 /* CustomCollectionViewDelegate.swift */,
				7CD6832D24CE8AC30091ED52 /* PinDetailsVC.swift */,
				7CD6832F24CE8BAE0091ED52 /* CollectionViewPhotoCell.swift */,
				7CD6833324D177FF0091ED52 /* NoImageFoundVC.swift */,
			);
			path = Controller;
			sourceTree = "<group>";
		};
		7C45531924C72E94001B5305 /* View */ = {
			isa = PBXGroup;
			children = (
				7CD6833124D134E50091ED52 /* NewAlbumButton.swift */,
				7CD6833524D300830091ED52 /* Colors.swift */,
			);
			path = View;
			sourceTree = "<group>";
		};
		7C45531A24C72E9F001B5305 /* Model */ = {
			isa = PBXGroup;
			children = (
				7CD6831F24C93BDB0091ED52 /* CoreData */,
				7CD6831A24C8887C0091ED52 /* Responses */,
				7CD6831424C856EC0091ED52 /* FlickrClient.swift */,
				7CD6831824C887B40091ED52 /* FlickrApiKey.swift */,
			);
			path = Model;
			sourceTree = "<group>";
		};
		7CD6831A24C8887C0091ED52 /* Responses */ = {
			isa = PBXGroup;
			children = (
				7CD6831B24C888910091ED52 /* ErrorResponse.swift */,
				7CD6831D24C8C22E0091ED52 /* PhotosSearchResponse.swift */,
			);
			path = Responses;
			sourceTree = "<group>";
		};
		7CD6831F24C93BDB0091ED52 /* CoreData */ = {
			isa = PBXGroup;
			children = (
				7CD6832024C93BF40091ED52 /* DataController.swift */,
				7CD6832224C944310091ED52 /* virtualTourist.xcdatamodeld */,
			);
			path = CoreData;
			sourceTree = "<group>";
		};
/* End PBXGroup section */

/* Begin PBXNativeTarget section */
		7C45530024C6EB97001B5305 /* virtualTourist */ = {
			isa = PBXNativeTarget;
			buildConfigurationList = 7C45531524C6EB99001B5305 /* Build configuration list for PBXNativeTarget "virtualTourist" */;
			buildPhases = (
				7C4552FD24C6EB97001B5305 /* Sources */,
				7C4552FE24C6EB97001B5305 /* Frameworks */,
				7C4552FF24C6EB97001B5305 /* Resources */,
			);
			buildRules = (
			);
			dependencies = (
			);
			name = virtualTourist;
			productName = virtualTourist;
			productReference = 7C45530124C6EB97001B5305 /* virtualTourist.app */;
			productType = "com.apple.product-type.application";
		};
/* End PBXNativeTarget section */

/* Begin PBXProject section */
		7C4552F924C6EB96001B5305 /* Project object */ = {
			isa = PBXProject;
			attributes = {
				LastSwiftUpdateCheck = 1150;
				LastUpgradeCheck = 1150;
				ORGANIZATIONNAME = "Oleh Titov";
				TargetAttributes = {
					7C45530024C6EB97001B5305 = {
						CreatedOnToolsVersion = 11.5;
					};
				};
			};
			buildConfigurationList = 7C4552FC24C6EB96001B5305 /* Build configuration list for PBXProject "virtualTourist" */;
			compatibilityVersion = "Xcode 9.3";
			developmentRegion = en;
			hasScannedForEncodings = 0;
			knownRegions = (
				en,
				Base,
			);
			mainGroup = 7C4552F824C6EB96001B5305;
			productRefGroup = 7C45530224C6EB97001B5305 /* Products */;
			projectDirPath = "";
			projectRoot = "";
			targets = (
				7C45530024C6EB97001B5305 /* virtualTourist */,
			);
		};
/* End PBXProject section */

/* Begin PBXResourcesBuildPhase section */
		7C4552FF24C6EB97001B5305 /* Resources */ = {
			isa = PBXResourcesBuildPhase;
			buildActionMask = 2147483647;
			files = (
				7C45531124C6EB99001B5305 /* LaunchScreen.storyboard in Resources */,
				7C45530E24C6EB99001B5305 /* Assets.xcassets in Resources */,
				7C45530C24C6EB97001B5305 /* Main.storyboard in Resources */,
			);
			runOnlyForDeploymentPostprocessing = 0;
		};
/* End PBXResourcesBuildPhase section */

/* Begin PBXSourcesBuildPhase section */
		7C4552FD24C6EB97001B5305 /* Sources */ = {
			isa = PBXSourcesBuildPhase;
			buildActionMask = 2147483647;
			files = (
				7C45530924C6EB97001B5305 /* tabBarVC.swift in Sources */,
				7CD6831924C887B40091ED52 /* FlickrApiKey.swift in Sources */,
				7CD6832A24CDBD050091ED52 /* LocationsListVC.swift in Sources */,
				7CD6832824CAE63F0091ED52 /* CollectionViewCell.swift in Sources */,
				7CD6832E24CE8AC30091ED52 /* PinDetailsVC.swift in Sources */,
				7CD6832C24CE85CB0091ED52 /* CustomCollectionViewDelegate.swift in Sources */,
				7CD6832424C944310091ED52 /* virtualTourist.xcdatamodeld in Sources */,
				7CD6831524C856EC0091ED52 /* FlickrClient.swift in Sources */,
				7CD6833424D178000091ED52 /* NoImageFoundVC.swift in Sources */,
				7CD6832624CA8E320091ED52 /* PhotoAlbumVC.swift in Sources */,
				7CD6833024CE8BAE0091ED52 /* CollectionViewPhotoCell.swift in Sources */,
				7C1EFB6624C733DB005CF2D9 /* MapVC.swift in Sources */,
				7CD6833624D300840091ED52 /* Colors.swift in Sources */,
				7CD6833224D134E60091ED52 /* NewAlbumButton.swift in Sources */,
				7CD6832124C93BF40091ED52 /* DataController.swift in Sources */,
				7C45530524C6EB97001B5305 /* AppDelegate.swift in Sources */,
				7C45530724C6EB97001B5305 /* SceneDelegate.swift in Sources */,
				7CD6831C24C888910091ED52 /* ErrorResponse.swift in Sources */,
				7CD6831E24C8C22E0091ED52 /* PhotosSearchResponse.swift in Sources */,
			);
			runOnlyForDeploymentPostprocessing = 0;
		};
/* End PBXSourcesBuildPhase section */

/* Begin PBXVariantGroup section */
		7C45530A24C6EB97001B5305 /* Main.storyboard */ = {
			isa = PBXVariantGroup;
			children = (
				7C45530B24C6EB97001B5305 /* Base */,
			);
			name = Main.storyboard;
			sourceTree = "<group>";
		};
		7C45530F24C6EB99001B5305 /* LaunchScreen.storyboard */ = {
			isa = PBXVariantGroup;
			children = (
				7C45531024C6EB99001B5305 /* Base */,
			);
			name = LaunchScreen.storyboard;
			sourceTree = "<group>";
		};
/* End PBXVariantGroup section */

/* Begin XCBuildConfiguration section */
		7C45531324C6EB99001B5305 /* Debug */ = {
			isa = XCBuildConfiguration;
			buildSettings = {
				ALWAYS_SEARCH_USER_PATHS = NO;
				CLANG_ANALYZER_NONNULL = YES;
				CLANG_ANALYZER_NUMBER_OBJECT_CONVERSION = YES_AGGRESSIVE;
				CLANG_CXX_LANGUAGE_STANDARD = "gnu++14";
				CLANG_CXX_LIBRARY = "libc++";
				CLANG_ENABLE_MODULES = YES;
				CLANG_ENABLE_OBJC_ARC = YES;
				CLANG_ENABLE_OBJC_WEAK = YES;
				CLANG_WARN_BLOCK_CAPTURE_AUTORELEASING = YES;
				CLANG_WARN_BOOL_CONVERSION = YES;
				CLANG_WARN_COMMA = YES;
				CLANG_WARN_CONSTANT_CONVERSION = YES;
				CLANG_WARN_DEPRECATED_OBJC_IMPLEMENTATIONS = YES;
				CLANG_WARN_DIRECT_OBJC_ISA_USAGE = YES_ERROR;
				CLANG_WARN_DOCUMENTATION_COMMENTS = YES;
				CLANG_WARN_EMPTY_BODY = YES;
				CLANG_WARN_ENUM_CONVERSION = YES;
				CLANG_WARN_INFINITE_RECURSION = YES;
				CLANG_WARN_INT_CONVERSION = YES;
				CLANG_WARN_NON_LITERAL_NULL_CONVERSION = YES;
				CLANG_WARN_OBJC_IMPLICIT_RETAIN_SELF = YES;
				CLANG_WARN_OBJC_LITERAL_CONVERSION = YES;
				CLANG_WARN_OBJC_ROOT_CLASS = YES_ERROR;
				CLANG_WARN_RANGE_LOOP_ANALYSIS = YES;
				CLANG_WARN_STRICT_PROTOTYPES = YES;
				CLANG_WARN_SUSPICIOUS_MOVE = YES;
				CLANG_WARN_UNGUARDED_AVAILABILITY = YES_AGGRESSIVE;
				CLANG_WARN_UNREACHABLE_CODE = YES;
				CLANG_WARN__DUPLICATE_METHOD_MATCH = YES;
				COPY_PHASE_STRIP = NO;
				DEBUG_INFORMATION_FORMAT = dwarf;
				ENABLE_STRICT_OBJC_MSGSEND = YES;
				ENABLE_TESTABILITY = YES;
				GCC_C_LANGUAGE_STANDARD = gnu11;
				GCC_DYNAMIC_NO_PIC = NO;
				GCC_NO_COMMON_BLOCKS = YES;
				GCC_OPTIMIZATION_LEVEL = 0;
				GCC_PREPROCESSOR_DEFINITIONS = (
					"DEBUG=1",
					"$(inherited)",
				);
				GCC_WARN_64_TO_32_BIT_CONVERSION = YES;
				GCC_WARN_ABOUT_RETURN_TYPE = YES_ERROR;
				GCC_WARN_UNDECLARED_SELECTOR = YES;
				GCC_WARN_UNINITIALIZED_AUTOS = YES_AGGRESSIVE;
				GCC_WARN_UNUSED_FUNCTION = YES;
				GCC_WARN_UNUSED_VARIABLE = YES;
				IPHONEOS_DEPLOYMENT_TARGET = 13.5;
				MTL_ENABLE_DEBUG_INFO = INCLUDE_SOURCE;
				MTL_FAST_MATH = YES;
				ONLY_ACTIVE_ARCH = YES;
				SDKROOT = iphoneos;
				SWIFT_ACTIVE_COMPILATION_CONDITIONS = DEBUG;
				SWIFT_OPTIMIZATION_LEVEL = "-Onone";
			};
			name = Debug;
		};
		7C45531424C6EB99001B5305 /* Release */ = {
			isa = XCBuildConfiguration;
			buildSettings = {
				ALWAYS_SEARCH_USER_PATHS = NO;
				CLANG_ANALYZER_NONNULL = YES;
				CLANG_ANALYZER_NUMBER_OBJECT_CONVERSION = YES_AGGRESSIVE;
				CLANG_CXX_LANGUAGE_STANDARD = "gnu++14";
				CLANG_CXX_LIBRARY = "libc++";
				CLANG_ENABLE_MODULES = YES;
				CLANG_ENABLE_OBJC_ARC = YES;
				CLANG_ENABLE_OBJC_WEAK = YES;
				CLANG_WARN_BLOCK_CAPTURE_AUTORELEASING = YES;
				CLANG_WARN_BOOL_CONVERSION = YES;
				CLANG_WARN_COMMA = YES;
				CLANG_WARN_CONSTANT_CONVERSION = YES;
				CLANG_WARN_DEPRECATED_OBJC_IMPLEMENTATIONS = YES;
				CLANG_WARN_DIRECT_OBJC_ISA_USAGE = YES_ERROR;
				CLANG_WARN_DOCUMENTATION_COMMENTS = YES;
				CLANG_WARN_EMPTY_BODY = YES;
				CLANG_WARN_ENUM_CONVERSION = YES;
				CLANG_WARN_INFINITE_RECURSION = YES;
				CLANG_WARN_INT_CONVERSION = YES;
				CLANG_WARN_NON_LITERAL_NULL_CONVERSION = YES;
				CLANG_WARN_OBJC_IMPLICIT_RETAIN_SELF = YES;
				CLANG_WARN_OBJC_LITERAL_CONVERSION = YES;
				CLANG_WARN_OBJC_ROOT_CLASS = YES_ERROR;
				CLANG_WARN_RANGE_LOOP_ANALYSIS = YES;
				CLANG_WARN_STRICT_PROTOTYPES = YES;
				CLANG_WARN_SUSPICIOUS_MOVE = YES;
				CLANG_WARN_UNGUARDED_AVAILABILITY = YES_AGGRESSIVE;
				CLANG_WARN_UNREACHABLE_CODE = YES;
				CLANG_WARN__DUPLICATE_METHOD_MATCH = YES;
				COPY_PHASE_STRIP = NO;
				DEBUG_INFORMATION_FORMAT = "dwarf-with-dsym";
				ENABLE_NS_ASSERTIONS = NO;
				ENABLE_STRICT_OBJC_MSGSEND = YES;
				GCC_C_LANGUAGE_STANDARD = gnu11;
				GCC_NO_COMMON_BLOCKS = YES;
				GCC_WARN_64_TO_32_BIT_CONVERSION = YES;
				GCC_WARN_ABOUT_RETURN_TYPE = YES_ERROR;
				GCC_WARN_UNDECLARED_SELECTOR = YES;
				GCC_WARN_UNINITIALIZED_AUTOS = YES_AGGRESSIVE;
				GCC_WARN_UNUSED_FUNCTION = YES;
				GCC_WARN_UNUSED_VARIABLE = YES;
				IPHONEOS_DEPLOYMENT_TARGET = 13.5;
				MTL_ENABLE_DEBUG_INFO = NO;
				MTL_FAST_MATH = YES;
				SDKROOT = iphoneos;
				SWIFT_COMPILATION_MODE = wholemodule;
				SWIFT_OPTIMIZATION_LEVEL = "-O";
				VALIDATE_PRODUCT = YES;
			};
			name = Release;
		};
		7C45531624C6EB99001B5305 /* Debug */ = {
			isa = XCBuildConfiguration;
			buildSettings = {
				ASSETCATALOG_COMPILER_APPICON_NAME = AppIcon;
				CODE_SIGN_STYLE = Automatic;
				DEVELOPMENT_TEAM = 3L87G9HDLJ;
				INFOPLIST_FILE = virtualTourist/Info.plist;
				IPHONEOS_DEPLOYMENT_TARGET = 13.0;
				LD_RUNPATH_SEARCH_PATHS = (
					"$(inherited)",
					"@executable_path/Frameworks",
				);
				PRODUCT_BUNDLE_IDENTIFIER = com.OlehTitov;
				PRODUCT_NAME = "$(TARGET_NAME)";
				SWIFT_VERSION = 5.0;
				TARGETED_DEVICE_FAMILY = "1,2";
			};
			name = Debug;
		};
		7C45531724C6EB99001B5305 /* Release */ = {
			isa = XCBuildConfiguration;
			buildSettings = {
				ASSETCATALOG_COMPILER_APPICON_NAME = AppIcon;
				CODE_SIGN_STYLE = Automatic;
				DEVELOPMENT_TEAM = 3L87G9HDLJ;
				INFOPLIST_FILE = virtualTourist/Info.plist;
				IPHONEOS_DEPLOYMENT_TARGET = 13.0;
				LD_RUNPATH_SEARCH_PATHS = (
					"$(inherited)",
					"@executable_path/Frameworks",
				);
				PRODUCT_BUNDLE_IDENTIFIER = com.OlehTitov;
				PRODUCT_NAME = "$(TARGET_NAME)";
				SWIFT_VERSION = 5.0;
				TARGETED_DEVICE_FAMILY = "1,2";
			};
			name = Release;
		};
/* End XCBuildConfiguration section */

/* Begin XCConfigurationList section */
		7C4552FC24C6EB96001B5305 /* Build configuration list for PBXProject "virtualTourist" */ = {
			isa = XCConfigurationList;
			buildConfigurations = (
				7C45531324C6EB99001B5305 /* Debug */,
				7C45531424C6EB99001B5305 /* Release */,
			);
			defaultConfigurationIsVisible = 0;
			defaultConfigurationName = Release;
		};
		7C45531524C6EB99001B5305 /* Build configuration list for PBXNativeTarget "virtualTourist" */ = {
			isa = XCConfigurationList;
			buildConfigurations = (
				7C45531624C6EB99001B5305 /* Debug */,
				7C45531724C6EB99001B5305 /* Release */,
			);
			defaultConfigurationIsVisible = 0;
			defaultConfigurationName = Release;
		};
/* End XCConfigurationList section */

/* Begin XCVersionGroup section */
		7CD6832224C944310091ED52 /* virtualTourist.xcdatamodeld */ = {
			isa = XCVersionGroup;
			children = (
				7CD6832324C944310091ED52 /* virtualTourist.xcdatamodel */,
			);
			currentVersion = 7CD6832324C944310091ED52 /* virtualTourist.xcdatamodel */;
			path = virtualTourist.xcdatamodeld;
			sourceTree = "<group>";
			versionGroupType = wrapper.xcdatamodel;
		};
/* End XCVersionGroup section */
	};
	rootObject = 7C4552F924C6EB96001B5305 /* Project object */;
}
